
Microsoft Visual Studio Solution File, Format Version 12.00
# Visual Studio Version 16
VisualStudioVersion = 16.0.31729.503
MinimumVisualStudioVersion = 10.0.40219.1
Project("{FAE04EC0-301F-11D3-BF4B-00C04F79EFBC}") = "01-Test", "01-Test\01-Test.csproj", "{828A7665-D8EC-4506-BF73-5B41280C7496}"
EndProject
Project("{FAE04EC0-301F-11D3-BF4B-00C04F79EFBC}") = "02-Aplicacion", "02-Aplicacion\02-Aplicacion.csproj", "{F17B6C3D-6AD5-4375-B0A1-A3FCC291016D}"
EndProject
Project("{FAE04EC0-301F-11D3-BF4B-00C04F79EFBC}") = "04-Infraestructura", "04-Infraestructura\04-Infraestructura.csproj", "{A00FA35F-188C-4791-B0A4-BEDC07FF85C5}"
EndProject
Project("{FAE04EC0-301F-11D3-BF4B-00C04F79EFBC}") = "03-Dominio", "03-Dominio\03-Dominio.csproj", "{34592672-950A-489C-A10F-6A63B9E59FBF}"
EndProject
Global
	GlobalSection(SolutionConfigurationPlatforms) = preSolution
		Debug|Any CPU = Debug|Any CPU
		Release|Any CPU = Release|Any CPU
	EndGlobalSection
	GlobalSection(ProjectConfigurationPlatforms) = postSolution
		{828A7665-D8EC-4506-BF73-5B41280C7496}.Debug|Any CPU.ActiveCfg = Debug|Any CPU
		{828A7665-D8EC-4506-BF73-5B41280C7496}.Debug|Any CPU.Build.0 = Debug|Any CPU
		{828A7665-D8EC-4506-BF73-5B41280C7496}.Release|Any CPU.ActiveCfg = Release|Any CPU
		{828A7665-D8EC-4506-BF73-5B41280C7496}.Release|Any CPU.Build.0 = Release|Any CPU
		{F17B6C3D-6AD5-4375-B0A1-A3FCC291016D}.Debug|Any CPU.ActiveCfg = Debug|Any CPU
		{F17B6C3D-6AD5-4375-B0A1-A3FCC291016D}.Debug|Any CPU.Build.0 = Debug|Any CPU
		{F17B6C3D-6AD5-4375-B0A1-A3FCC291016D}.Release|Any CPU.ActiveCfg = Release|Any CPU
		{F17B6C3D-6AD5-4375-B0A1-A3FCC291016D}.Release|Any CPU.Build.0 = Release|Any CPU
		{A00FA35F-188C-4791-B0A4-BEDC07FF85C5}.Debug|Any CPU.ActiveCfg = Debug|Any CPU
		{A00FA35F-188C-4791-B0A4-BEDC07FF85C5}.Debug|Any CPU.Build.0 = Debug|Any CPU
		{A00FA35F-188C-4791-B0A4-BEDC07FF85C5}.Release|Any CPU.ActiveCfg = Release|Any CPU
		{A00FA35F-188C-4791-B0A4-BEDC07FF85C5}.Release|Any CPU.Build.0 = Release|Any CPU
		{34592672-950A-489C-A10F-6A63B9E59FBF}.Debug|Any CPU.ActiveCfg = Debug|Any CPU
		{34592672-950A-489C-A10F-6A63B9E59FBF}.Debug|Any CPU.Build.0 = Debug|Any CPU
		{34592672-950A-489C-A10F-6A63B9E59FBF}.Release|Any CPU.ActiveCfg = Release|Any CPU
		{34592672-950A-489C-A10F-6A63B9E59FBF}.Release|Any CPU.Build.0 = Release|Any CPU
	EndGlobalSection
	GlobalSection(SolutionProperties) = preSolution
		HideSolutionNode = FALSE
	EndGlobalSection
	GlobalSection(ExtensibilityGlobals) = postSolution
		SolutionGuid = {DADBAF9C-4A8B-45CB-8494-E86D9109C2C2}
	EndGlobalSection
EndGlobal
